# Incident detail pagehead — back-link, H1 title (UX-17: the short alert name, incident-first),
# chips line (lifecycle / trigger / affected-resource ref / triggering-alert link) and the meta
# strip (started · updated · phase as an antd Descriptions — UX-19). Mirrors
# composition-detail-header-block.
kind: Flex
apiVersion: widgets.templates.krateo.io/v1beta1
metadata:
  name: incident-detail-header-block
  namespace: {{ .Release.Namespace }}
  annotations:
    "krateo.io/verbose": "true"
spec:
  # F6 (snowplow#130): extras keys that partition this widget's cache cell.
  keyExtras: [name, namespace]
  widgetData:
    allowedResources:
    - buttons
    - paragraphs
    - flexes
    - cards
    vertical: true
    gap: small
    items:
    - resourceRefId: incident-detail-back
    - resourceRefId: incident-detail-title
    - resourceRefId: incident-detail-chips
    # UX-19: the meta is now a Descriptions list hosted in a borderless Card (the Descriptions
    # plural isn't in the Flex child enum; Card children are unconstrained — incident-meta-card).
    - resourceRefId: incident-meta-card
  resourcesRefs:
    items:
    - id: incident-detail-back
      apiVersion: widgets.templates.krateo.io/v1beta1
      name: incident-detail-back
      namespace: {{ .Release.Namespace }}
      resource: buttons
      verb: GET
    - id: incident-detail-title
      apiVersion: widgets.templates.krateo.io/v1beta1
      name: incident-detail-title
      namespace: {{ .Release.Namespace }}
      resource: paragraphs
      verb: GET
    - id: incident-detail-chips
      apiVersion: widgets.templates.krateo.io/v1beta1
      name: incident-detail-chips
      namespace: {{ .Release.Namespace }}
      resource: flexes
      verb: GET
    - id: incident-meta-card
      apiVersion: widgets.templates.krateo.io/v1beta1
      name: incident-meta-card
      namespace: {{ .Release.Namespace }}
      resource: cards
      verb: GET
